# This is a Gradle generated file for dependency locking.
# Manual edits can break the build and are not advised.
# This file is expected to be part of source control.
# To regenerate this file, run: ./gradlew :dependencies --write-locks
com.fasterxml.jackson.core:jackson-annotations:2.22=runtimeClasspath,testRuntimeClasspath
com.fasterxml.jackson.core:jackson-core:2.22.0=runtimeClasspath,testRuntimeClasspath
com.fasterxml.jackson.core:jackson-databind:2.22.0=runtimeClasspath,testRuntimeClasspath
com.fasterxml.jackson.dataformat:jackson-dataformat-yaml:2.22.0=runtimeClasspath,testRuntimeClasspath
com.fasterxml.jackson.datatype:jackson-datatype-jsr310:2.22.0=runtimeClasspath,testRuntimeClasspath
com.fasterxml.jackson:jackson-bom:2.22.0=runtimeClasspath,testRuntimeClasspath
com.fasterxml.woodstox:woodstox-core:7.1.1=runtimeClasspath,testRuntimeClasspath
com.formdev:flatlaf-extras:3.7.1=runtimeClasspath,testRuntimeClasspath
com.formdev:flatlaf:3.7.1=runtimeClasspath,testRuntimeClasspath
com.github.javaparser:javaparser-core:3.28.2=compileClasspath,runtimeClasspath,testCompileClasspath,testRuntimeClasspath
com.github.weisj:jsvg:2.0.0=runtimeClasspath,testRuntimeClasspath
com.google.code.gson:gson:2.14.0=runtimeClasspath,testRuntimeClasspath
com.google.errorprone:error_prone_annotations:2.47.0=compileClasspath,testCompileClasspath
com.google.errorprone:error_prone_annotations:2.48.0=runtimeClasspath,testRuntimeClasspath
com.google.guava:failureaccess:1.0.3=compileClasspath,runtimeClasspath,testCompileClasspath,testRuntimeClasspath
com.google.guava:guava:33.6.0-jre=compileClasspath,runtimeClasspath,testCompileClasspath,testRuntimeClasspath
com.google.guava:listenablefuture:9999.0-empty-to-avoid-conflict-with-guava=compileClasspath,runtimeClasspath,testCompileClasspath,testRuntimeClasspath
com.google.j2objc:j2objc-annotations:3.1=compileClasspath,runtimeClasspath,testCompileClasspath,testRuntimeClasspath
commons-codec:commons-codec:1.22.0=runtimeClasspath,testRuntimeClasspath
info.picocli:picocli:4.7.7=runtimeClasspath,testRuntimeClasspath
io.leangen.geantyref:geantyref:1.3.16=testRuntimeClasspath
javax.inject:javax.inject:1=runtimeClasspath,testRuntimeClasspath
junit:junit:4.13.2=compileClasspath,runtimeClasspath,testCompileClasspath,testRuntimeClasspath
net.java.dev.jna:jna:5.19.1=runtimeClasspath,testRuntimeClasspath
org.abego.treelayout:org.abego.treelayout.core:1.0.3=runtimeClasspath,testRuntimeClasspath
org.apache.ant:ant-antlr:1.10.17=runtimeClasspath,testRuntimeClasspath
org.apache.ant:ant-junit:1.10.17=runtimeClasspath,testRuntimeClasspath
org.apache.ant:ant-launcher:1.10.17=runtimeClasspath,testRuntimeClasspath
org.apache.ant:ant:1.10.17=compileClasspath,runtimeClasspath,testCompileClasspath,testRuntimeClasspath
org.apache.groovy:groovy-all:6.0.0-alpha-2=compileClasspath,runtimeClasspath,testCompileClasspath,testRuntimeClasspath
org.apache.groovy:groovy-ant:6.0.0-alpha-2=compileClasspath,runtimeClasspath,testCompileClasspath,testRuntimeClasspath
org.apache.groovy:groovy-bom:6.0.0-alpha-2=compileClasspath,runtimeClasspath,testCompileClasspath,testRuntimeClasspath
org.apache.groovy:groovy-cli-picocli:6.0.0-alpha-2=compileClasspath,runtimeClasspath,testCompileClasspath,testRuntimeClasspath
org.apache.groovy:groovy-console:6.0.0-alpha-2=compileClasspath,runtimeClasspath,testCompileClasspath,testRuntimeClasspath
org.apache.groovy:groovy-datetime:6.0.0-alpha-2=compileClasspath,runtimeClasspath,testCompileClasspath,testRuntimeClasspath
org.apache.groovy:groovy-docgenerator:6.0.0-alpha-2=compileClasspath,runtimeClasspath,testCompileClasspath,testRuntimeClasspath
org.apache.groovy:groovy-grape-ivy:6.0.0-alpha-2=compileClasspath,runtimeClasspath,testCompileClasspath,testRuntimeClasspath
org.apache.groovy:groovy-grape-maven:6.0.0-alpha-2=compileClasspath,runtimeClasspath,testCompileClasspath,testRuntimeClasspath
org.apache.groovy:groovy-groovydoc:6.0.0-alpha-2=compileClasspath,runtimeClasspath,testCompileClasspath,testRuntimeClasspath
org.apache.groovy:groovy-groovysh:6.0.0-alpha-2=compileClasspath,runtimeClasspath,testCompileClasspath,testRuntimeClasspath
org.apache.groovy:groovy-jmx:6.0.0-alpha-2=compileClasspath,runtimeClasspath,testCompileClasspath,testRuntimeClasspath
org.apache.groovy:groovy-json:6.0.0-alpha-2=compileClasspath,runtimeClasspath,testCompileClasspath,testRuntimeClasspath
org.apache.groovy:groovy-jsr223:6.0.0-alpha-2=compileClasspath,runtimeClasspath,testCompileClasspath,testRuntimeClasspath
org.apache.groovy:groovy-macro:6.0.0-alpha-2=compileClasspath,runtimeClasspath,testCompileClasspath,testRuntimeClasspath
org.apache.groovy:groovy-nio:6.0.0-alpha-2=compileClasspath,runtimeClasspath,testCompileClasspath,testRuntimeClasspath
org.apache.groovy:groovy-servlet:6.0.0-alpha-2=compileClasspath,runtimeClasspath,testCompileClasspath,testRuntimeClasspath
org.apache.groovy:groovy-sql:6.0.0-alpha-2=compileClasspath,runtimeClasspath,testCompileClasspath,testRuntimeClasspath
org.apache.groovy:groovy-swing:6.0.0-alpha-2=compileClasspath,runtimeClasspath,testCompileClasspath,testRuntimeClasspath
org.apache.groovy:groovy-templates:6.0.0-alpha-2=compileClasspath,runtimeClasspath,testCompileClasspath,testRuntimeClasspath
org.apache.groovy:groovy-test-junit6:6.0.0-alpha-2=compileClasspath,runtimeClasspath,testCompileClasspath,testRuntimeClasspath
org.apache.groovy:groovy-test:6.0.0-alpha-2=compileClasspath,runtimeClasspath,testCompileClasspath,testRuntimeClasspath
org.apache.groovy:groovy-xml:6.0.0-alpha-2=compileClasspath,runtimeClasspath,testCompileClasspath,testRuntimeClasspath
org.apache.groovy:groovy-yaml:6.0.0-alpha-2=compileClasspath,runtimeClasspath,testCompileClasspath,testRuntimeClasspath
org.apache.groovy:groovy:6.0.0-alpha-2=compileClasspath,runtimeClasspath,testCompileClasspath,testRuntimeClasspath
org.apache.httpcomponents:httpclient:4.5.14=runtimeClasspath,testRuntimeClasspath
org.apache.httpcomponents:httpcore:4.4.16=runtimeClasspath,testRuntimeClasspath
org.apache.ivy:ivy:2.5.3=runtimeClasspath,testRuntimeClasspath
org.apache.maven.resolver:maven-resolver-api:2.0.18=runtimeClasspath,testRuntimeClasspath
org.apache.maven.resolver:maven-resolver-connector-basic:2.0.18=runtimeClasspath,testRuntimeClasspath
org.apache.maven.resolver:maven-resolver-impl:2.0.18=runtimeClasspath,testRuntimeClasspath
org.apache.maven.resolver:maven-resolver-named-locks:2.0.18=runtimeClasspath,testRuntimeClasspath
org.apache.maven.resolver:maven-resolver-spi:2.0.18=runtimeClasspath,testRuntimeClasspath
org.apache.maven.resolver:maven-resolver-supplier-mvn4:2.0.18=runtimeClasspath,testRuntimeClasspath
org.apache.maven.resolver:maven-resolver-transport-apache:2.0.18=runtimeClasspath,testRuntimeClasspath
org.apache.maven.resolver:maven-resolver-transport-file:2.0.18=runtimeClasspath,testRuntimeClasspath
org.apache.maven.resolver:maven-resolver-util:2.0.18=runtimeClasspath,testRuntimeClasspath
org.apache.maven:maven-api-annotations:4.0.0-rc-5=runtimeClasspath,testRuntimeClasspath
org.apache.maven:maven-api-core:4.0.0-rc-5=runtimeClasspath,testRuntimeClasspath
org.apache.maven:maven-api-di:4.0.0-rc-5=runtimeClasspath,testRuntimeClasspath
org.apache.maven:maven-api-metadata:4.0.0-rc-5=runtimeClasspath,testRuntimeClasspath
org.apache.maven:maven-api-model:4.0.0-rc-5=runtimeClasspath,testRuntimeClasspath
org.apache.maven:maven-api-plugin:4.0.0-rc-5=runtimeClasspath,testRuntimeClasspath
org.apache.maven:maven-api-settings:4.0.0-rc-5=runtimeClasspath,testRuntimeClasspath
org.apache.maven:maven-api-spi:4.0.0-rc-5=runtimeClasspath,testRuntimeClasspath
org.apache.maven:maven-api-toolchain:4.0.0-rc-5=runtimeClasspath,testRuntimeClasspath
org.apache.maven:maven-api-xml:4.0.0-rc-5=runtimeClasspath,testRuntimeClasspath
org.apache.maven:maven-artifact:4.0.0-rc-5=runtimeClasspath,testRuntimeClasspath
org.apache.maven:maven-builder-support:4.0.0-rc-5=runtimeClasspath,testRuntimeClasspath
org.apache.maven:maven-model-builder:4.0.0-rc-5=runtimeClasspath,testRuntimeClasspath
org.apache.maven:maven-model:4.0.0-rc-5=runtimeClasspath,testRuntimeClasspath
org.apache.maven:maven-repository-metadata:4.0.0-rc-5=runtimeClasspath,testRuntimeClasspath
org.apache.maven:maven-resolver-provider:4.0.0-rc-5=runtimeClasspath,testRuntimeClasspath
org.apache.maven:maven-support:4.0.0-rc-5=runtimeClasspath,testRuntimeClasspath
org.apache.maven:maven-xml:4.0.0-rc-5=runtimeClasspath,testRuntimeClasspath
org.apiguardian:apiguardian-api:1.1.2=testCompileClasspath
org.codehaus.plexus:plexus-interpolation:1.28=runtimeClasspath,testRuntimeClasspath
org.codehaus.plexus:plexus-utils:4.0.2=runtimeClasspath,testRuntimeClasspath
org.codehaus.plexus:plexus-xml:4.1.0=runtimeClasspath,testRuntimeClasspath
org.codehaus.woodstox:stax2-api:4.2.2=runtimeClasspath,testRuntimeClasspath
org.commonmark:commonmark:0.29.0=runtimeClasspath,testRuntimeClasspath
org.hamcrest:hamcrest-core:1.3=compileClasspath,runtimeClasspath,testCompileClasspath,testRuntimeClasspath
org.hamcrest:hamcrest:3.0=testCompileClasspath,testRuntimeClasspath
org.jline:jansi:4.2.1=runtimeClasspath,testRuntimeClasspath
org.jline:jline-builtins:4.2.1=runtimeClasspath,testRuntimeClasspath
org.jline:jline-console-ui:4.2.1=runtimeClasspath,testRuntimeClasspath
org.jline:jline-console:4.2.1=runtimeClasspath,testRuntimeClasspath
org.jline:jline-native:4.2.1=runtimeClasspath,testRuntimeClasspath
org.jline:jline-reader:4.2.1=runtimeClasspath,testRuntimeClasspath
org.jline:jline-shell:4.2.1=runtimeClasspath,testRuntimeClasspath
org.jline:jline-style:4.2.1=runtimeClasspath,testRuntimeClasspath
org.jline:jline-terminal-jni:4.2.1=runtimeClasspath,testRuntimeClasspath
org.jline:jline-terminal:4.2.1=runtimeClasspath,testRuntimeClasspath
org.jspecify:jspecify:1.0.0=compileClasspath,runtimeClasspath,testCompileClasspath,testRuntimeClasspath
org.junit.jupiter:junit-jupiter-api:6.1.0=compileClasspath,runtimeClasspath,testCompileClasspath,testRuntimeClasspath
org.junit.jupiter:junit-jupiter-engine:6.1.0=runtimeClasspath,testRuntimeClasspath
org.junit.platform:junit-platform-commons:6.1.0=runtimeClasspath,testCompileClasspath,testRuntimeClasspath
org.junit.platform:junit-platform-engine:6.1.0=runtimeClasspath,testCompileClasspath,testRuntimeClasspath
org.junit.platform:junit-platform-launcher:6.1.0=runtimeClasspath,testRuntimeClasspath
org.junit:junit-bom:6.1.0=compileClasspath,runtimeClasspath,testCompileClasspath,testRuntimeClasspath
org.opentest4j:opentest4j:1.3.0=compileClasspath,runtimeClasspath,testCompileClasspath,testRuntimeClasspath
org.ow2.asm:asm-analysis:9.10.1=runtimeClasspath,testRuntimeClasspath
org.ow2.asm:asm-tree:9.10.1=runtimeClasspath,testRuntimeClasspath
org.ow2.asm:asm-util:9.10.1=runtimeClasspath,testRuntimeClasspath
org.ow2.asm:asm:9.10.1=runtimeClasspath,testRuntimeClasspath
org.slf4j:jcl-over-slf4j:2.0.18=runtimeClasspath,testRuntimeClasspath
org.slf4j:slf4j-api:2.0.18=runtimeClasspath,testRuntimeClasspath
org.spockframework:spock-bom:2.4-groovy-5.0=testCompileClasspath,testRuntimeClasspath
org.spockframework:spock-core:2.4-groovy-5.0=testCompileClasspath,testRuntimeClasspath
org.yaml:snakeyaml:2.5=runtimeClasspath,testRuntimeClasspath
empty=annotationProcessor,testAnnotationProcessor
