# This is a Gradle generated file for dependency locking.
# Manual edits can break the build and are not advised.
# This file is expected to be part of source control.
com.fasterxml.jackson.core:jackson-annotations:2.19.2=runtimeClasspath,testRuntimeClasspath
com.fasterxml.jackson.core:jackson-core:2.19.2=runtimeClasspath,testRuntimeClasspath
com.fasterxml.jackson.core:jackson-databind:2.19.2=runtimeClasspath,testRuntimeClasspath
com.fasterxml.jackson.dataformat:jackson-dataformat-yaml:2.19.2=runtimeClasspath,testRuntimeClasspath
com.fasterxml.jackson:jackson-bom:2.19.2=runtimeClasspath,testRuntimeClasspath
com.github.javaparser:javaparser-core:3.27.0=compileClasspath,runtimeClasspath,testCompileClasspath,testRuntimeClasspath
com.google.errorprone:error_prone_annotations:2.36.0=compileClasspath,runtimeClasspath,testCompileClasspath,testRuntimeClasspath
com.google.guava:failureaccess:1.0.3=compileClasspath,runtimeClasspath,testCompileClasspath,testRuntimeClasspath
com.google.guava:guava:33.4.8-jre=compileClasspath,runtimeClasspath,testCompileClasspath,testRuntimeClasspath
com.google.guava:listenablefuture:9999.0-empty-to-avoid-conflict-with-guava=compileClasspath,runtimeClasspath,testCompileClasspath,testRuntimeClasspath
com.google.j2objc:j2objc-annotations:3.0.0=compileClasspath,runtimeClasspath,testCompileClasspath,testRuntimeClasspath
com.thoughtworks.qdox:qdox:2.2.0=runtimeClasspath,testRuntimeClasspath
info.picocli:picocli:4.7.7=runtimeClasspath,testRuntimeClasspath
io.leangen.geantyref:geantyref:1.3.16=testRuntimeClasspath
junit:junit:4.13.2=compileClasspath,runtimeClasspath,testCompileClasspath,testRuntimeClasspath
net.java.dev.jna:jna:5.17.0=runtimeClasspath,testRuntimeClasspath
org.abego.treelayout:org.abego.treelayout.core:1.0.3=runtimeClasspath,testRuntimeClasspath
org.apache.ant:ant-antlr:1.10.15=runtimeClasspath,testRuntimeClasspath
org.apache.ant:ant-junit:1.10.15=runtimeClasspath,testRuntimeClasspath
org.apache.ant:ant-launcher:1.10.15=runtimeClasspath,testRuntimeClasspath
org.apache.ant:ant:1.10.15=compileClasspath,runtimeClasspath,testCompileClasspath,testRuntimeClasspath
org.apache.groovy:groovy-all:5.0.0=compileClasspath,runtimeClasspath,testCompileClasspath,testRuntimeClasspath
org.apache.groovy:groovy-ant:5.0.0=compileClasspath,runtimeClasspath,testCompileClasspath,testRuntimeClasspath
org.apache.groovy:groovy-bom:5.0.0=compileClasspath,runtimeClasspath,testCompileClasspath,testRuntimeClasspath
org.apache.groovy:groovy-cli-picocli:5.0.0=compileClasspath,runtimeClasspath,testCompileClasspath,testRuntimeClasspath
org.apache.groovy:groovy-console:5.0.0=compileClasspath,runtimeClasspath,testCompileClasspath,testRuntimeClasspath
org.apache.groovy:groovy-datetime:5.0.0=compileClasspath,runtimeClasspath,testCompileClasspath,testRuntimeClasspath
org.apache.groovy:groovy-docgenerator:5.0.0=compileClasspath,runtimeClasspath,testCompileClasspath,testRuntimeClasspath
org.apache.groovy:groovy-groovydoc:5.0.0=compileClasspath,runtimeClasspath,testCompileClasspath,testRuntimeClasspath
org.apache.groovy:groovy-groovysh:5.0.0=compileClasspath,runtimeClasspath,testCompileClasspath,testRuntimeClasspath
org.apache.groovy:groovy-jmx:5.0.0=compileClasspath,runtimeClasspath,testCompileClasspath,testRuntimeClasspath
org.apache.groovy:groovy-json:5.0.0=compileClasspath,runtimeClasspath,testCompileClasspath,testRuntimeClasspath
org.apache.groovy:groovy-jsr223:5.0.0=compileClasspath,runtimeClasspath,testCompileClasspath,testRuntimeClasspath
org.apache.groovy:groovy-macro:5.0.0=compileClasspath,runtimeClasspath,testCompileClasspath,testRuntimeClasspath
org.apache.groovy:groovy-nio:5.0.0=compileClasspath,runtimeClasspath,testCompileClasspath,testRuntimeClasspath
org.apache.groovy:groovy-servlet:5.0.0=compileClasspath,runtimeClasspath,testCompileClasspath,testRuntimeClasspath
org.apache.groovy:groovy-sql:5.0.0=compileClasspath,runtimeClasspath,testCompileClasspath,testRuntimeClasspath
org.apache.groovy:groovy-swing:5.0.0=compileClasspath,runtimeClasspath,testCompileClasspath,testRuntimeClasspath
org.apache.groovy:groovy-templates:5.0.0=compileClasspath,runtimeClasspath,testCompileClasspath,testRuntimeClasspath
org.apache.groovy:groovy-test-junit5:5.0.0=compileClasspath,runtimeClasspath,testCompileClasspath,testRuntimeClasspath
org.apache.groovy:groovy-test:5.0.0=compileClasspath,runtimeClasspath,testCompileClasspath,testRuntimeClasspath
org.apache.groovy:groovy-xml:5.0.0=compileClasspath,runtimeClasspath,testCompileClasspath,testRuntimeClasspath
org.apache.groovy:groovy-yaml:5.0.0=compileClasspath,runtimeClasspath,testCompileClasspath,testRuntimeClasspath
org.apache.groovy:groovy:5.0.0=compileClasspath,runtimeClasspath,testCompileClasspath,testRuntimeClasspath
org.apache.ivy:ivy:2.5.3=runtimeClasspath,testRuntimeClasspath
org.apiguardian:apiguardian-api:1.1.2=testCompileClasspath
org.hamcrest:hamcrest-core:1.3=compileClasspath,runtimeClasspath,testCompileClasspath,testRuntimeClasspath
org.hamcrest:hamcrest:3.0=testCompileClasspath,testRuntimeClasspath
org.jline:jansi:3.30.5=runtimeClasspath,testRuntimeClasspath
org.jline:jline-builtins:3.30.5=runtimeClasspath,testRuntimeClasspath
org.jline:jline-console:3.30.5=runtimeClasspath,testRuntimeClasspath
org.jline:jline-native:3.30.5=runtimeClasspath,testRuntimeClasspath
org.jline:jline-reader:3.30.5=runtimeClasspath,testRuntimeClasspath
org.jline:jline-style:3.30.5=runtimeClasspath,testRuntimeClasspath
org.jline:jline-terminal-jansi:3.30.5=runtimeClasspath,testRuntimeClasspath
org.jline:jline-terminal-jna:3.30.5=runtimeClasspath,testRuntimeClasspath
org.jline:jline-terminal-jni:3.30.5=runtimeClasspath,testRuntimeClasspath
org.jline:jline-terminal:3.30.5=runtimeClasspath,testRuntimeClasspath
org.jspecify:jspecify:1.0.0=compileClasspath,runtimeClasspath,testCompileClasspath,testRuntimeClasspath
org.junit.jupiter:junit-jupiter-api:5.13.4=compileClasspath,runtimeClasspath,testCompileClasspath,testRuntimeClasspath
org.junit.jupiter:junit-jupiter-engine:5.13.4=runtimeClasspath,testRuntimeClasspath
org.junit.platform:junit-platform-commons:1.13.4=runtimeClasspath,testCompileClasspath,testRuntimeClasspath
org.junit.platform:junit-platform-engine:1.13.4=runtimeClasspath,testCompileClasspath,testRuntimeClasspath
org.junit.platform:junit-platform-launcher:1.13.4=runtimeClasspath,testRuntimeClasspath
org.junit:junit-bom:5.13.4=compileClasspath,runtimeClasspath,testCompileClasspath,testRuntimeClasspath
org.opentest4j:opentest4j:1.3.0=compileClasspath,runtimeClasspath,testCompileClasspath,testRuntimeClasspath
org.ow2.asm:asm-analysis:9.8=runtimeClasspath,testRuntimeClasspath
org.ow2.asm:asm-tree:9.8=runtimeClasspath,testRuntimeClasspath
org.ow2.asm:asm-util:9.8=runtimeClasspath,testRuntimeClasspath
org.ow2.asm:asm:9.8=runtimeClasspath,testRuntimeClasspath
org.spockframework:spock-bom:2.4-M6-groovy-4.0=testCompileClasspath,testRuntimeClasspath
org.spockframework:spock-core:2.4-M6-groovy-4.0=testCompileClasspath,testRuntimeClasspath
org.yaml:snakeyaml:2.4=runtimeClasspath,testRuntimeClasspath
empty=annotationProcessor,testAnnotationProcessor
